
Microsoft Visual Studio Solution File, Format Version 12.00
# Visual Studio Version 17
VisualStudioVersion = 17.8.34330.188
MinimumVisualStudioVersion = 10.0.40219.1
Project("{FAE04EC0-301F-11D3-BF4B-00C04F79EFBC}") = "WebProgramlama", "WebProgramlama.csproj", "{F1F27DF0-87A0-4B7A-A7FA-EC35689B2569}"
EndProject
Global
	GlobalSection(SolutionConfigurationPlatforms) = preSolution
		Debug|Any CPU = Debug|Any CPU
		Release|Any CPU = Release|Any CPU
	EndGlobalSection
	GlobalSection(ProjectConfigurationPlatforms) = postSolution
		{F1F27DF0-87A0-4B7A-A7FA-EC35689B2569}.Debug|Any CPU.ActiveCfg = Debug|Any CPU
		{F1F27DF0-87A0-4B7A-A7FA-EC35689B2569}.Debug|Any CPU.Build.0 = Debug|Any CPU
		{F1F27DF0-87A0-4B7A-A7FA-EC35689B2569}.Release|Any CPU.ActiveCfg = Release|Any CPU
		{F1F27DF0-87A0-4B7A-A7FA-EC35689B2569}.Release|Any CPU.Build.0 = Release|Any CPU
	EndGlobalSection
	GlobalSection(SolutionProperties) = preSolution
		HideSolutionNode = FALSE
	EndGlobalSection
	GlobalSection(ExtensibilityGlobals) = postSolution
		SolutionGuid = {989FEE5A-5D92-4E45-BD41-BE0901E421C3}
	EndGlobalSection
EndGlobal
